
Microsoft Visual Studio Solution File, Format Version 12.00
# Visual Studio Version 17
VisualStudioVersion = 17.14.36616.10
MinimumVisualStudioVersion = 10.0.40219.1
Project("{FAE04EC0-301F-11D3-BF4B-00C04F79EFBC}") = "MedicalCare.Presentation", "MedicalCare.Presentation.csproj", "{80070471-FE80-4E34-97EA-A4C4C0A3851D}"
EndProject
Project("{FAE04EC0-301F-11D3-BF4B-00C04F79EFBC}") = "MedicalCare.Domain", "..\MedicalCare.Domain\MedicalCare.Domain.csproj", "{AA79A40A-94AD-4AA8-BE57-BEA3E161165A}"
EndProject
Project("{FAE04EC0-301F-11D3-BF4B-00C04F79EFBC}") = "MedicalCare.Application", "..\MedicalCare.Application\MedicalCare.Application.csproj", "{461462C0-0B4A-4010-8B65-B4DAE7E98753}"
EndProject
Project("{FAE04EC0-301F-11D3-BF4B-00C04F79EFBC}") = "MedicalCare.Infrastructure", "..\MedicalCare.Infrastructure\MedicalCare.Infrastructure.csproj", "{6157B797-F4F0-44E2-9639-9235D4210AA3}"
EndProject
Global
	GlobalSection(SolutionConfigurationPlatforms) = preSolution
		Debug|Any CPU = Debug|Any CPU
		Release|Any CPU = Release|Any CPU
	EndGlobalSection
	GlobalSection(ProjectConfigurationPlatforms) = postSolution
		{80070471-FE80-4E34-97EA-A4C4C0A3851D}.Debug|Any CPU.ActiveCfg = Debug|Any CPU
		{80070471-FE80-4E34-97EA-A4C4C0A3851D}.Debug|Any CPU.Build.0 = Debug|Any CPU
		{80070471-FE80-4E34-97EA-A4C4C0A3851D}.Release|Any CPU.ActiveCfg = Release|Any CPU
		{80070471-FE80-4E34-97EA-A4C4C0A3851D}.Release|Any CPU.Build.0 = Release|Any CPU
		{AA79A40A-94AD-4AA8-BE57-BEA3E161165A}.Debug|Any CPU.ActiveCfg = Debug|Any CPU
		{AA79A40A-94AD-4AA8-BE57-BEA3E161165A}.Debug|Any CPU.Build.0 = Debug|Any CPU
		{AA79A40A-94AD-4AA8-BE57-BEA3E161165A}.Release|Any CPU.ActiveCfg = Release|Any CPU
		{AA79A40A-94AD-4AA8-BE57-BEA3E161165A}.Release|Any CPU.Build.0 = Release|Any CPU
		{461462C0-0B4A-4010-8B65-B4DAE7E98753}.Debug|Any CPU.ActiveCfg = Debug|Any CPU
		{461462C0-0B4A-4010-8B65-B4DAE7E98753}.Debug|Any CPU.Build.0 = Debug|Any CPU
		{461462C0-0B4A-4010-8B65-B4DAE7E98753}.Release|Any CPU.ActiveCfg = Release|Any CPU
		{461462C0-0B4A-4010-8B65-B4DAE7E98753}.Release|Any CPU.Build.0 = Release|Any CPU
		{6157B797-F4F0-44E2-9639-9235D4210AA3}.Debug|Any CPU.ActiveCfg = Debug|Any CPU
		{6157B797-F4F0-44E2-9639-9235D4210AA3}.Debug|Any CPU.Build.0 = Debug|Any CPU
		{6157B797-F4F0-44E2-9639-9235D4210AA3}.Release|Any CPU.ActiveCfg = Release|Any CPU
		{6157B797-F4F0-44E2-9639-9235D4210AA3}.Release|Any CPU.Build.0 = Release|Any CPU
	EndGlobalSection
	GlobalSection(SolutionProperties) = preSolution
		HideSolutionNode = FALSE
	EndGlobalSection
	GlobalSection(ExtensibilityGlobals) = postSolution
		SolutionGuid = {B37F36E7-B24C-440F-9B90-4E19812A395C}
	EndGlobalSection
EndGlobal
